# THIS IS AN AUTOGENERATED FILE. DO NOT EDIT THIS FILE DIRECTLY.
# yarn lockfile v1


any-shell-escape@^0.1.1:
  version "0.1.1"
  resolved "https://registry.npmmirror.com/any-shell-escape/-/any-shell-escape-0.1.1.tgz#d55ab972244c71a9a5e1ab0879f30bf110806959"
  integrity sha512-36j4l5HVkboyRhIWgtMh1I9i8LTdFqVwDEHy1cp+QioJyKgAUG40X0W8s7jakWRta/Sjvm8mUG1fU6Tj8mWagQ==

git-cz@^4.9.0:
  version "4.9.0"
  resolved "https://registry.npmmirror.com/git-cz/-/git-cz-4.9.0.tgz#c0604ff85b37046d51fd85e265040032c9617bf2"
  integrity sha512-cSRL8IIOXU7UFLdbziCYqg8f8InwLwqHezkiRHNSph7oZqGv0togId1kMTfKil6gzK0VaSXeVBb4oDl0fQCHiw==
